
Microsoft Visual Studio Solution File, Format Version 12.00
# Visual Studio 15
VisualStudioVersion = 15.0.26124.0
MinimumVisualStudioVersion = 15.0.26124.0
Project("{FAE04EC0-301F-11D3-BF4B-00C04F79EFBC}") = "IdentityServer", "IdentityServer\IdentityServer.csproj", "{F4858342-BFF9-44B2-BAB9-8CC9910FF7A4}"
EndProject
Project("{FAE04EC0-301F-11D3-BF4B-00C04F79EFBC}") = "Api", "Api\Api.csproj", "{F2B76E7D-970A-42E9-B95C-38B99224ED64}"
EndProject
Project("{FAE04EC0-301F-11D3-BF4B-00C04F79EFBC}") = "Client", "Client\Client.csproj", "{472B3E20-21B0-4097-A7CA-74624524C12E}"
EndProject
Global
	GlobalSection(SolutionConfigurationPlatforms) = preSolution
		Debug|Any CPU = Debug|Any CPU
		Debug|x64 = Debug|x64
		Debug|x86 = Debug|x86
		Release|Any CPU = Release|Any CPU
		Release|x64 = Release|x64
		Release|x86 = Release|x86
	EndGlobalSection
	GlobalSection(SolutionProperties) = preSolution
		HideSolutionNode = FALSE
	EndGlobalSection
	GlobalSection(ProjectConfigurationPlatforms) = postSolution
		{F4858342-BFF9-44B2-BAB9-8CC9910FF7A4}.Debug|Any CPU.ActiveCfg = Debug|Any CPU
		{F4858342-BFF9-44B2-BAB9-8CC9910FF7A4}.Debug|Any CPU.Build.0 = Debug|Any CPU
		{F4858342-BFF9-44B2-BAB9-8CC9910FF7A4}.Debug|x64.ActiveCfg = Debug|Any CPU
		{F4858342-BFF9-44B2-BAB9-8CC9910FF7A4}.Debug|x64.Build.0 = Debug|Any CPU
		{F4858342-BFF9-44B2-BAB9-8CC9910FF7A4}.Debug|x86.ActiveCfg = Debug|Any CPU
		{F4858342-BFF9-44B2-BAB9-8CC9910FF7A4}.Debug|x86.Build.0 = Debug|Any CPU
		{F4858342-BFF9-44B2-BAB9-8CC9910FF7A4}.Release|Any CPU.ActiveCfg = Release|Any CPU
		{F4858342-BFF9-44B2-BAB9-8CC9910FF7A4}.Release|Any CPU.Build.0 = Release|Any CPU
		{F4858342-BFF9-44B2-BAB9-8CC9910FF7A4}.Release|x64.ActiveCfg = Release|Any CPU
		{F4858342-BFF9-44B2-BAB9-8CC9910FF7A4}.Release|x64.Build.0 = Release|Any CPU
		{F4858342-BFF9-44B2-BAB9-8CC9910FF7A4}.Release|x86.ActiveCfg = Release|Any CPU
		{F4858342-BFF9-44B2-BAB9-8CC9910FF7A4}.Release|x86.Build.0 = Release|Any CPU
		{F2B76E7D-970A-42E9-B95C-38B99224ED64}.Debug|Any CPU.ActiveCfg = Debug|Any CPU
		{F2B76E7D-970A-42E9-B95C-38B99224ED64}.Debug|Any CPU.Build.0 = Debug|Any CPU
		{F2B76E7D-970A-42E9-B95C-38B99224ED64}.Debug|x64.ActiveCfg = Debug|Any CPU
		{F2B76E7D-970A-42E9-B95C-38B99224ED64}.Debug|x64.Build.0 = Debug|Any CPU
		{F2B76E7D-970A-42E9-B95C-38B99224ED64}.Debug|x86.ActiveCfg = Debug|Any CPU
		{F2B76E7D-970A-42E9-B95C-38B99224ED64}.Debug|x86.Build.0 = Debug|Any CPU
		{F2B76E7D-970A-42E9-B95C-38B99224ED64}.Release|Any CPU.ActiveCfg = Release|Any CPU
		{F2B76E7D-970A-42E9-B95C-38B99224ED64}.Release|Any CPU.Build.0 = Release|Any CPU
		{F2B76E7D-970A-42E9-B95C-38B99224ED64}.Release|x64.ActiveCfg = Release|Any CPU
		{F2B76E7D-970A-42E9-B95C-38B99224ED64}.Release|x64.Build.0 = Release|Any CPU
		{F2B76E7D-970A-42E9-B95C-38B99224ED64}.Release|x86.ActiveCfg = Release|Any CPU
		{F2B76E7D-970A-42E9-B95C-38B99224ED64}.Release|x86.Build.0 = Release|Any CPU
		{472B3E20-21B0-4097-A7CA-74624524C12E}.Debug|Any CPU.ActiveCfg = Debug|Any CPU
		{472B3E20-21B0-4097-A7CA-74624524C12E}.Debug|Any CPU.Build.0 = Debug|Any CPU
		{472B3E20-21B0-4097-A7CA-74624524C12E}.Debug|x64.ActiveCfg = Debug|Any CPU
		{472B3E20-21B0-4097-A7CA-74624524C12E}.Debug|x64.Build.0 = Debug|Any CPU
		{472B3E20-21B0-4097-A7CA-74624524C12E}.Debug|x86.ActiveCfg = Debug|Any CPU
		{472B3E20-21B0-4097-A7CA-74624524C12E}.Debug|x86.Build.0 = Debug|Any CPU
		{472B3E20-21B0-4097-A7CA-74624524C12E}.Release|Any CPU.ActiveCfg = Release|Any CPU
		{472B3E20-21B0-4097-A7CA-74624524C12E}.Release|Any CPU.Build.0 = Release|Any CPU
		{472B3E20-21B0-4097-A7CA-74624524C12E}.Release|x64.ActiveCfg = Release|Any CPU
		{472B3E20-21B0-4097-A7CA-74624524C12E}.Release|x64.Build.0 = Release|Any CPU
		{472B3E20-21B0-4097-A7CA-74624524C12E}.Release|x86.ActiveCfg = Release|Any CPU
		{472B3E20-21B0-4097-A7CA-74624524C12E}.Release|x86.Build.0 = Release|Any CPU
	EndGlobalSection
EndGlobal
